
Microsoft Visual Studio Solution File, Format Version 12.00
# Visual Studio Version 16
VisualStudioVersion = 16.6.30114.105
MinimumVisualStudioVersion = 10.0.40219.1
Project("{FAE04EC0-301F-11D3-BF4B-00C04F79EFBC}") = "ImageTests", "ImageTests\ImageTests.csproj", "{A186D89C-0306-47C4-9347-1C826CB0FDB7}"
EndProject
Project("{FAE04EC0-301F-11D3-BF4B-00C04F79EFBC}") = "FitsTests", "FitsTests\FitsTests.csproj", "{47D23EEA-32CD-4135-85E3-AD4A2FBF0FBC}"
EndProject
Global
	GlobalSection(SolutionConfigurationPlatforms) = preSolution
		Debug|Any CPU = Debug|Any CPU
		Debug|x64 = Debug|x64
		Debug|x86 = Debug|x86
		Release|Any CPU = Release|Any CPU
		Release|x64 = Release|x64
		Release|x86 = Release|x86
	EndGlobalSection
	GlobalSection(SolutionProperties) = preSolution
		HideSolutionNode = FALSE
	EndGlobalSection
	GlobalSection(ProjectConfigurationPlatforms) = postSolution
		{A186D89C-0306-47C4-9347-1C826CB0FDB7}.Debug|Any CPU.ActiveCfg = Debug|Any CPU
		{A186D89C-0306-47C4-9347-1C826CB0FDB7}.Debug|Any CPU.Build.0 = Debug|Any CPU
		{A186D89C-0306-47C4-9347-1C826CB0FDB7}.Debug|x64.ActiveCfg = Debug|Any CPU
		{A186D89C-0306-47C4-9347-1C826CB0FDB7}.Debug|x64.Build.0 = Debug|Any CPU
		{A186D89C-0306-47C4-9347-1C826CB0FDB7}.Debug|x86.ActiveCfg = Debug|Any CPU
		{A186D89C-0306-47C4-9347-1C826CB0FDB7}.Debug|x86.Build.0 = Debug|Any CPU
		{A186D89C-0306-47C4-9347-1C826CB0FDB7}.Release|Any CPU.ActiveCfg = Release|Any CPU
		{A186D89C-0306-47C4-9347-1C826CB0FDB7}.Release|Any CPU.Build.0 = Release|Any CPU
		{A186D89C-0306-47C4-9347-1C826CB0FDB7}.Release|x64.ActiveCfg = Release|Any CPU
		{A186D89C-0306-47C4-9347-1C826CB0FDB7}.Release|x64.Build.0 = Release|Any CPU
		{A186D89C-0306-47C4-9347-1C826CB0FDB7}.Release|x86.ActiveCfg = Release|Any CPU
		{A186D89C-0306-47C4-9347-1C826CB0FDB7}.Release|x86.Build.0 = Release|Any CPU
		{47D23EEA-32CD-4135-85E3-AD4A2FBF0FBC}.Debug|Any CPU.ActiveCfg = Debug|Any CPU
		{47D23EEA-32CD-4135-85E3-AD4A2FBF0FBC}.Debug|Any CPU.Build.0 = Debug|Any CPU
		{47D23EEA-32CD-4135-85E3-AD4A2FBF0FBC}.Debug|x64.ActiveCfg = Debug|Any CPU
		{47D23EEA-32CD-4135-85E3-AD4A2FBF0FBC}.Debug|x64.Build.0 = Debug|Any CPU
		{47D23EEA-32CD-4135-85E3-AD4A2FBF0FBC}.Debug|x86.ActiveCfg = Debug|Any CPU
		{47D23EEA-32CD-4135-85E3-AD4A2FBF0FBC}.Debug|x86.Build.0 = Debug|Any CPU
		{47D23EEA-32CD-4135-85E3-AD4A2FBF0FBC}.Release|Any CPU.ActiveCfg = Release|Any CPU
		{47D23EEA-32CD-4135-85E3-AD4A2FBF0FBC}.Release|Any CPU.Build.0 = Release|Any CPU
		{47D23EEA-32CD-4135-85E3-AD4A2FBF0FBC}.Release|x64.ActiveCfg = Release|Any CPU
		{47D23EEA-32CD-4135-85E3-AD4A2FBF0FBC}.Release|x64.Build.0 = Release|Any CPU
		{47D23EEA-32CD-4135-85E3-AD4A2FBF0FBC}.Release|x86.ActiveCfg = Release|Any CPU
		{47D23EEA-32CD-4135-85E3-AD4A2FBF0FBC}.Release|x86.Build.0 = Release|Any CPU
	EndGlobalSection
EndGlobal
